
Microsoft Visual Studio Solution File, Format Version 12.00
# Visual Studio Version 16
VisualStudioVersion = 16.0.31321.278
MinimumVisualStudioVersion = 10.0.40219.1
Project("{FAE04EC0-301F-11D3-BF4B-00C04F79EFBC}") = "itproekt", "itproekt\itproekt.csproj", "{569B8020-DC00-4078-8307-7EF850F87B19}"
EndProject
Global
	GlobalSection(SolutionConfigurationPlatforms) = preSolution
		Debug|Any CPU = Debug|Any CPU
		Release|Any CPU = Release|Any CPU
	EndGlobalSection
	GlobalSection(ProjectConfigurationPlatforms) = postSolution
		{569B8020-DC00-4078-8307-7EF850F87B19}.Debug|Any CPU.ActiveCfg = Debug|Any CPU
		{569B8020-DC00-4078-8307-7EF850F87B19}.Debug|Any CPU.Build.0 = Debug|Any CPU
		{569B8020-DC00-4078-8307-7EF850F87B19}.Release|Any CPU.ActiveCfg = Release|Any CPU
		{569B8020-DC00-4078-8307-7EF850F87B19}.Release|Any CPU.Build.0 = Release|Any CPU
	EndGlobalSection
	GlobalSection(SolutionProperties) = preSolution
		HideSolutionNode = FALSE
	EndGlobalSection
	GlobalSection(ExtensibilityGlobals) = postSolution
		SolutionGuid = {7466161C-AEB7-4EA1-9931-8126DDC249BF}
	EndGlobalSection
EndGlobal
